PODS:
  - CHTCollectionViewWaterfallLayout (0.9.2)
  - IconFontsKit (1.0.3):
    - IconFontsKit/Core (= 1.0.3)
    - IconFontsKit/ElusiveIcons (= 1.0.3)
    - IconFontsKit/FontAwesome (= 1.0.3)
    - IconFontsKit/FoundationIcons (= 1.0.3)
    - IconFontsKit/Ionicons (= 1.0.3)
    - IconFontsKit/MaterialDesignIcons (= 1.0.3)
    - IconFontsKit/MaterialIcons (= 1.0.3)
    - IconFontsKit/Octicons (= 1.0.3)
    - IconFontsKit/ZocialButtons (= 1.0.3)
  - IconFontsKit/Core (1.0.3)
  - IconFontsKit/ElusiveIcons (1.0.3):
    - IconFontsKit/Core
  - IconFontsKit/FontAwesome (1.0.3):
    - IconFontsKit/Core
  - IconFontsKit/FoundationIcons (1.0.3):
    - IconFontsKit/Core
  - IconFontsKit/Ionicons (1.0.3):
    - IconFontsKit/Core
  - IconFontsKit/MaterialDesignIcons (1.0.3):
    - IconFontsKit/Core
  - IconFontsKit/MaterialIcons (1.0.3):
    - IconFontsKit/Core
  - IconFontsKit/Octicons (1.0.3):
    - IconFontsKit/Core
  - IconFontsKit/ZocialButtons (1.0.3):
    - IconFontsKit/Core
  - JTSImageViewController (1.5.1)

DEPENDENCIES:
  - CHTCollectionViewWaterfallLayout
  - IconFontsKit (from `../IconFontsKit.podspec`)
  - JTSImageViewController

EXTERNAL SOURCES:
  IconFontsKit:
    :path: "../IconFontsKit.podspec"

SPEC CHECKSUMS:
  CHTCollectionViewWaterfallLayout: 43232febcb3e4d3985cd758718cbe499b21b822f
  IconFontsKit: 40dfa0435e5eabf0050eabd6867524a99fd55429
  JTSImageViewController: 1f8ce1cc93dab0d0af8e53badeea7528560cfec9

COCOAPODS: 0.39.0
