// !$*UTF8*$!
{
	archiveVersion = 1;
	classes = {
	};
	objectVersion = 46;
	objects = {

/* Begin PBXBuildFile section */
		600AFB68D73295B3E4E4D37D /* libPods-IconFontsKitExample.a in Frameworks */ = {isa = PBXBuildFile; fileRef = 536CF7578840DF38FFE38509 /* libPods-IconFontsKitExample.a */; };
		E7C0C4321C7D7FDE00A8C0FF /* myfonticons.ttf in Resources */ = {isa = PBXBuildFile; fileRef = E7C0C4311C7D7FDE00A8C0FF /* myfonticons.ttf */; };
		E7E724CC1C73816B0049EE82 /* main.m in Sources */ = {isa = PBXBuildFile; fileRef = E7E724CB1C73816B0049EE82 /* main.m */; };
		E7E724CF1C73816B0049EE82 /* AppDelegate.m in Sources */ = {isa = PBXBuildFile; fileRef = E7E724CE1C73816B0049EE82 /* AppDelegate.m */; };
		E7E724D71C73816B0049EE82 /* Assets.xcassets in Resources */ = {isa = PBXBuildFile; fileRef = E7E724D61C73816B0049EE82 /* Assets.xcassets */; };
		E7E724DA1C73816B0049EE82 /* LaunchScreen.storyboard in Resources */ = {isa = PBXBuildFile; fileRef = E7E724D81C73816B0049EE82 /* LaunchScreen.storyboard */; };
		E7E724E81C7382BC0049EE82 /* SampleViewController.m in Sources */ = {isa = PBXBuildFile; fileRef = E7E724E71C7382BC0049EE82 /* SampleViewController.m */; };
		E7E724EB1C7382D20049EE82 /* ExplorerViewController.m in Sources */ = {isa = PBXBuildFile; fileRef = E7E724EA1C7382D20049EE82 /* ExplorerViewController.m */; };
		E7E724F71C787BD40049EE82 /* ExplorerIconCell.m in Sources */ = {isa = PBXBuildFile; fileRef = E7E724F61C787BD40049EE82 /* ExplorerIconCell.m */; };
		E7FE9D651C7B72E700FCDE07 /* MyFontIcons.m in Sources */ = {isa = PBXBuildFile; fileRef = E7FE9D641C7B72E700FCDE07 /* MyFontIcons.m */; };
/* End PBXBuildFile section */

/* Begin PBXFileReference section */
		02987B2B828E10543AC768C9 /* Pods-IconFontsKitExample.release.xcconfig */ = {isa = PBXFileReference; includeInIndex = 1; lastKnownFileType = text.xcconfig; name = "Pods-IconFontsKitExample.release.xcconfig"; path = "Pods/Target Support Files/Pods-IconFontsKitExample/Pods-IconFontsKitExample.release.xcconfig"; sourceTree = "<group>"; };
		536CF7578840DF38FFE38509 /* libPods-IconFontsKitExample.a */ = {isa = PBXFileReference; explicitFileType = archive.ar; includeInIndex = 0; path = "libPods-IconFontsKitExample.a"; sourceTree = BUILT_PRODUCTS_DIR; };
		85189A6589C166DC99A23457 /* Pods-IconFontsKitExample.debug.xcconfig */ = {isa = PBXFileReference; includeInIndex = 1; lastKnownFileType = text.xcconfig; name = "Pods-IconFontsKitExample.debug.xcconfig"; path = "Pods/Target Support Files/Pods-IconFontsKitExample/Pods-IconFontsKitExample.debug.xcconfig"; sourceTree = "<group>"; };
		E7C0C4311C7D7FDE00A8C0FF /* myfonticons.ttf */ = {isa = PBXFileReference; lastKnownFileType = file; path = myfonticons.ttf; sourceTree = "<group>"; };
		E7E724C71C73816B0049EE82 /* IconFontsKitExample.app */ = {isa = PBXFileReference; explicitFileType = wrapper.application; includeInIndex = 0; path = IconFontsKitExample.app; sourceTree = BUILT_PRODUCTS_DIR; };
		E7E724CB1C73816B0049EE82 /* main.m */ = {isa = PBXFileReference; lastKnownFileType = sourcecode.c.objc; path = main.m; sourceTree = "<group>"; };
		E7E724CD1C73816B0049EE82 /* AppDelegate.h */ = {isa = PBXFileReference; lastKnownFileType = sourcecode.c.h; path = AppDelegate.h; sourceTree = "<group>"; };
		E7E724CE1C73816B0049EE82 /* AppDelegate.m */ = {isa = PBXFileReference; lastKnownFileType = sourcecode.c.objc; path = AppDelegate.m; sourceTree = "<group>"; };
		E7E724D61C73816B0049EE82 /* Assets.xcassets */ = {isa = PBXFileReference; lastKnownFileType = folder.assetcatalog; path = Assets.xcassets; sourceTree = "<group>"; };
		E7E724D91C73816B0049EE82 /* Base */ = {isa = PBXFileReference; lastKnownFileType = file.storyboard; name = Base; path = Base.lproj/LaunchScreen.storyboard; sourceTree = "<group>"; };
		E7E724DB1C73816B0049EE82 /* Info.plist */ = {isa = PBXFileReference; lastKnownFileType = text.plist.xml; path = Info.plist; sourceTree = "<group>"; };
		E7E724E61C7382BC0049EE82 /* SampleViewController.h */ = {isa = PBXFileReference; fileEncoding = 4; lastKnownFileType = sourcecode.c.h; path = SampleViewController.h; sourceTree = "<group>"; };
		E7E724E71C7382BC0049EE82 /* SampleViewController.m */ = {isa = PBXFileReference; fileEncoding = 4; lastKnownFileType = sourcecode.c.objc; path = SampleViewController.m; sourceTree = "<group>"; };
		E7E724E91C7382D20049EE82 /* ExplorerViewController.h */ = {isa = PBXFileReference; fileEncoding = 4; lastKnownFileType = sourcecode.c.h; path = ExplorerViewController.h; sourceTree = "<group>"; };
		E7E724EA1C7382D20049EE82 /* ExplorerViewController.m */ = {isa = PBXFileReference; fileEncoding = 4; lastKnownFileType = sourcecode.c.objc; path = ExplorerViewController.m; sourceTree = "<group>"; };
		E7E724F51C787BD40049EE82 /* ExplorerIconCell.h */ = {isa = PBXFileReference; fileEncoding = 4; lastKnownFileType = sourcecode.c.h; path = ExplorerIconCell.h; sourceTree = "<group>"; };
		E7E724F61C787BD40049EE82 /* ExplorerIconCell.m */ = {isa = PBXFileReference; fileEncoding = 4; lastKnownFileType = sourcecode.c.objc; path = ExplorerIconCell.m; sourceTree = "<group>"; };
		E7FE9D631C7B72E700FCDE07 /* MyFontIcons.h */ = {isa = PBXFileReference; fileEncoding = 4; lastKnownFileType = sourcecode.c.h; path = MyFontIcons.h; sourceTree = "<group>"; };
		E7FE9D641C7B72E700FCDE07 /* MyFontIcons.m */ = {isa = PBXFileReference; fileEncoding = 4; lastKnownFileType = sourcecode.c.objc; path = MyFontIcons.m; sourceTree = "<group>"; };
/* End PBXFileReference section */

/* Begin PBXFrameworksBuildPhase section */
		E7E724C41C73816B0049EE82 /* Frameworks */ = {
			isa = PBXFrameworksBuildPhase;
			buildActionMask = 2147483647;
			files = (
				600AFB68D73295B3E4E4D37D /* libPods-IconFontsKitExample.a in Frameworks */,
			);
			runOnlyForDeploymentPostprocessing = 0;
		};
/* End PBXFrameworksBuildPhase section */

/* Begin PBXGroup section */
		891544214BDD41105F62F557 /* Frameworks */ = {
			isa = PBXGroup;
			children = (
				536CF7578840DF38FFE38509 /* libPods-IconFontsKitExample.a */,
			);
			name = Frameworks;
			sourceTree = "<group>";
		};
		A2EF78665E3E4F3210AF838C /* Pods */ = {
			isa = PBXGroup;
			children = (
				85189A6589C166DC99A23457 /* Pods-IconFontsKitExample.debug.xcconfig */,
				02987B2B828E10543AC768C9 /* Pods-IconFontsKitExample.release.xcconfig */,
			);
			name = Pods;
			sourceTree = "<group>";
		};
		E7E724BE1C73816B0049EE82 = {
			isa = PBXGroup;
			children = (
				E7E724C91C73816B0049EE82 /* IconFontsKitExample */,
				E7E724C81C73816B0049EE82 /* Products */,
				A2EF78665E3E4F3210AF838C /* Pods */,
				891544214BDD41105F62F557 /* Frameworks */,
			);
			indentWidth = 4;
			sourceTree = "<group>";
			tabWidth = 4;
		};
		E7E724C81C73816B0049EE82 /* Products */ = {
			isa = PBXGroup;
			children = (
				E7E724C71C73816B0049EE82 /* IconFontsKitExample.app */,
			);
			name = Products;
			sourceTree = "<group>";
		};
		E7E724C91C73816B0049EE82 /* IconFontsKitExample */ = {
			isa = PBXGroup;
			children = (
				E7E724CD1C73816B0049EE82 /* AppDelegate.h */,
				E7E724CE1C73816B0049EE82 /* AppDelegate.m */,
				E7E724E61C7382BC0049EE82 /* SampleViewController.h */,
				E7E724E71C7382BC0049EE82 /* SampleViewController.m */,
				E7E724E91C7382D20049EE82 /* ExplorerViewController.h */,
				E7E724EA1C7382D20049EE82 /* ExplorerViewController.m */,
				E7E724F51C787BD40049EE82 /* ExplorerIconCell.h */,
				E7E724F61C787BD40049EE82 /* ExplorerIconCell.m */,
				E7FE9D631C7B72E700FCDE07 /* MyFontIcons.h */,
				E7FE9D641C7B72E700FCDE07 /* MyFontIcons.m */,
				E7C0C4311C7D7FDE00A8C0FF /* myfonticons.ttf */,
				E7E724D61C73816B0049EE82 /* Assets.xcassets */,
				E7E724D81C73816B0049EE82 /* LaunchScreen.storyboard */,
				E7E724DB1C73816B0049EE82 /* Info.plist */,
				E7E724CA1C73816B0049EE82 /* Supporting Files */,
			);
			path = IconFontsKitExample;
			sourceTree = "<group>";
		};
		E7E724CA1C73816B0049EE82 /* Supporting Files */ = {
			isa = PBXGroup;
			children = (
				E7E724CB1C73816B0049EE82 /* main.m */,
			);
			name = "Supporting Files";
			sourceTree = "<group>";
		};
/* End PBXGroup section */

/* Begin PBXNativeTarget section */
		E7E724C61C73816B0049EE82 /* IconFontsKitExample */ = {
			isa = PBXNativeTarget;
			buildConfigurationList = E7E724DE1C73816B0049EE82 /* Build configuration list for PBXNativeTarget "IconFontsKitExample" */;
			buildPhases = (
				24BF6675F6AB777F6F4103B6 /* Check Pods Manifest.lock */,
				E7E724C31C73816B0049EE82 /* Sources */,
				E7E724C41C73816B0049EE82 /* Frameworks */,
				E7E724C51C73816B0049EE82 /* Resources */,
				E324D50C1717977AE6D65B6D /* Embed Pods Frameworks */,
				3C8355010F32B5B8AD8BB4BA /* Copy Pods Resources */,
			);
			buildRules = (
			);
			dependencies = (
			);
			name = IconFontsKitExample;
			productName = IconFontsKitExample;
			productReference = E7E724C71C73816B0049EE82 /* IconFontsKitExample.app */;
			productType = "com.apple.product-type.application";
		};
/* End PBXNativeTarget section */

/* Begin PBXProject section */
		E7E724BF1C73816B0049EE82 /* Project object */ = {
			isa = PBXProject;
			attributes = {
				LastUpgradeCheck = 0720;
				ORGANIZATIONNAME = www.0x123.com;
				TargetAttributes = {
					E7E724C61C73816B0049EE82 = {
						CreatedOnToolsVersion = 7.2.1;
					};
				};
			};
			buildConfigurationList = E7E724C21C73816B0049EE82 /* Build configuration list for PBXProject "IconFontsKitExample" */;
			compatibilityVersion = "Xcode 3.2";
			developmentRegion = English;
			hasScannedForEncodings = 0;
			knownRegions = (
				en,
				Base,
			);
			mainGroup = E7E724BE1C73816B0049EE82;
			productRefGroup = E7E724C81C73816B0049EE82 /* Products */;
			projectDirPath = "";
			projectRoot = "";
			targets = (
				E7E724C61C73816B0049EE82 /* IconFontsKitExample */,
			);
		};
/* End PBXProject section */

/* Begin PBXResourcesBuildPhase section */
		E7E724C51C73816B0049EE82 /* Resources */ = {
			isa = PBXResourcesBuildPhase;
			buildActionMask = 2147483647;
			files = (
				E7E724DA1C73816B0049EE82 /* LaunchScreen.storyboard in Resources */,
				E7E724D71C73816B0049EE82 /* Assets.xcassets in Resources */,
				E7C0C4321C7D7FDE00A8C0FF /* myfonticons.ttf in Resources */,
			);
			runOnlyForDeploymentPostprocessing = 0;
		};
/* End PBXResourcesBuildPhase section */

/* Begin PBXShellScriptBuildPhase section */
		24BF6675F6AB777F6F4103B6 /* Check Pods Manifest.lock */ = {
			isa = PBXShellScriptBuildPhase;
			buildActionMask = 2147483647;
			files = (
			);
			inputPaths = (
			);
			name = "Check Pods Manifest.lock";
			outputPaths = (
			);
			runOnlyForDeploymentPostprocessing = 0;
			shellPath = /bin/sh;
			shellScript = "diff \"${PODS_ROOT}/../Podfile.lock\" \"${PODS_ROOT}/Manifest.lock\" > /dev/null\nif [[ $? != 0 ]] ; then\n    cat << EOM\nerror: The sandbox is not in sync with the Podfile.lock. Run 'pod install' or update your CocoaPods installation.\nEOM\n    exit 1\nfi\n";
			showEnvVarsInLog = 0;
		};
		3C8355010F32B5B8AD8BB4BA /* Copy Pods Resources */ = {
			isa = PBXShellScriptBuildPhase;
			buildActionMask = 2147483647;
			files = (
			);
			inputPaths = (
			);
			name = "Copy Pods Resources";
			outputPaths = (
			);
			runOnlyForDeploymentPostprocessing = 0;
			shellPath = /bin/sh;
			shellScript = "\"${SRCROOT}/Pods/Target Support Files/Pods-IconFontsKitExample/Pods-IconFontsKitExample-resources.sh\"\n";
			showEnvVarsInLog = 0;
		};
		E324D50C1717977AE6D65B6D /* Embed Pods Frameworks */ = {
			isa = PBXShellScriptBuildPhase;
			buildActionMask = 2147483647;
			files = (
			);
			inputPaths = (
			);
			name = "Embed Pods Frameworks";
			outputPaths = (
			);
			runOnlyForDeploymentPostprocessing = 0;
			shellPath = /bin/sh;
			shellScript = "\"${SRCROOT}/Pods/Target Support Files/Pods-IconFontsKitExample/Pods-IconFontsKitExample-frameworks.sh\"\n";
			showEnvVarsInLog = 0;
		};
/* End PBXShellScriptBuildPhase section */

/* Begin PBXSourcesBuildPhase section */
		E7E724C31C73816B0049EE82 /* Sources */ = {
			isa = PBXSourcesBuildPhase;
			buildActionMask = 2147483647;
			files = (
				E7E724CF1C73816B0049EE82 /* AppDelegate.m in Sources */,
				E7E724CC1C73816B0049EE82 /* main.m in Sources */,
				E7E724E81C7382BC0049EE82 /* SampleViewController.m in Sources */,
				E7E724F71C787BD40049EE82 /* ExplorerIconCell.m in Sources */,
				E7E724EB1C7382D20049EE82 /* ExplorerViewController.m in Sources */,
				E7FE9D651C7B72E700FCDE07 /* MyFontIcons.m in Sources */,
			);
			runOnlyForDeploymentPostprocessing = 0;
		};
/* End PBXSourcesBuildPhase section */

/* Begin PBXVariantGroup section */
		E7E724D81C73816B0049EE82 /* LaunchScreen.storyboard */ = {
			isa = PBXVariantGroup;
			children = (
				E7E724D91C73816B0049EE82 /* Base */,
			);
			name = LaunchScreen.storyboard;
			sourceTree = "<group>";
		};
/* End PBXVariantGroup section */

/* Begin XCBuildConfiguration section */
		E7E724DC1C73816B0049EE82 /* Debug */ = {
			isa = XCBuildConfiguration;
			buildSettings = {
				ALWAYS_SEARCH_USER_PATHS = NO;
				CLANG_CXX_LANGUAGE_STANDARD = "gnu++0x";
				CLANG_CXX_LIBRARY = "libc++";
				CLANG_ENABLE_MODULES = YES;
				CLANG_ENABLE_OBJC_ARC = YES;
				CLANG_WARN_BOOL_CONVERSION = YES;
				CLANG_WARN_CONSTANT_CONVERSION = YES;
				CLANG_WARN_DIRECT_OBJC_ISA_USAGE = YES_ERROR;
				CLANG_WARN_EMPTY_BODY = YES;
				CLANG_WARN_ENUM_CONVERSION = YES;
				CLANG_WARN_INT_CONVERSION = YES;
				CLANG_WARN_OBJC_ROOT_CLASS = YES_ERROR;
				CLANG_WARN_UNREACHABLE_CODE = YES;
				CLANG_WARN__DUPLICATE_METHOD_MATCH = YES;
				"CODE_SIGN_IDENTITY[sdk=iphoneos*]" = "iPhone Developer";
				COPY_PHASE_STRIP = NO;
				DEBUG_INFORMATION_FORMAT = dwarf;
				ENABLE_STRICT_OBJC_MSGSEND = YES;
				ENABLE_TESTABILITY = YES;
				GCC_C_LANGUAGE_STANDARD = gnu99;
				GCC_DYNAMIC_NO_PIC = NO;
				GCC_NO_COMMON_BLOCKS = YES;
				GCC_OPTIMIZATION_LEVEL = 0;
				GCC_PREPROCESSOR_DEFINITIONS = (
					"DEBUG=1",
					"$(inherited)",
				);
				GCC_WARN_64_TO_32_BIT_CONVERSION = YES;
				GCC_WARN_ABOUT_RETURN_TYPE = YES_ERROR;
				GCC_WARN_UNDECLARED_SELECTOR = YES;
				GCC_WARN_UNINITIALIZED_AUTOS = YES_AGGRESSIVE;
				GCC_WARN_UNUSED_FUNCTION = YES;
				GCC_WARN_UNUSED_VARIABLE = YES;
				IPHONEOS_DEPLOYMENT_TARGET = 9.2;
				MTL_ENABLE_DEBUG_INFO = YES;
				ONLY_ACTIVE_ARCH = YES;
				SDKROOT = iphoneos;
			};
			name = Debug;
		};
		E7E724DD1C73816B0049EE82 /* Release */ = {
			isa = XCBuildConfiguration;
			buildSettings = {
				ALWAYS_SEARCH_USER_PATHS = NO;
				CLANG_CXX_LANGUAGE_STANDARD = "gnu++0x";
				CLANG_CXX_LIBRARY = "libc++";
				CLANG_ENABLE_MODULES = YES;
				CLANG_ENABLE_OBJC_ARC = YES;
				CLANG_WARN_BOOL_CONVERSION = YES;
				CLANG_WARN_CONSTANT_CONVERSION = YES;
				CLANG_WARN_DIRECT_OBJC_ISA_USAGE = YES_ERROR;
				CLANG_WARN_EMPTY_BODY = YES;
				CLANG_WARN_ENUM_CONVERSION = YES;
				CLANG_WARN_INT_CONVERSION = YES;
				CLANG_WARN_OBJC_ROOT_CLASS = YES_ERROR;
				CLANG_WARN_UNREACHABLE_CODE = YES;
				CLANG_WARN__DUPLICATE_METHOD_MATCH = YES;
				"CODE_SIGN_IDENTITY[sdk=iphoneos*]" = "iPhone Developer";
				COPY_PHASE_STRIP = NO;
				DEBUG_INFORMATION_FORMAT = "dwarf-with-dsym";
				ENABLE_NS_ASSERTIONS = NO;
				ENABLE_STRICT_OBJC_MSGSEND = YES;
				GCC_C_LANGUAGE_STANDARD = gnu99;
				GCC_NO_COMMON_BLOCKS = YES;
				GCC_WARN_64_TO_32_BIT_CONVERSION = YES;
				GCC_WARN_ABOUT_RETURN_TYPE = YES_ERROR;
				GCC_WARN_UNDECLARED_SELECTOR = YES;
				GCC_WARN_UNINITIALIZED_AUTOS = YES_AGGRESSIVE;
				GCC_WARN_UNUSED_FUNCTION = YES;
				GCC_WARN_UNUSED_VARIABLE = YES;
				IPHONEOS_DEPLOYMENT_TARGET = 9.2;
				MTL_ENABLE_DEBUG_INFO = NO;
				SDKROOT = iphoneos;
				VALIDATE_PRODUCT = YES;
			};
			name = Release;
		};
		E7E724DF1C73816B0049EE82 /* Debug */ = {
			isa = XCBuildConfiguration;
			baseConfigurationReference = 85189A6589C166DC99A23457 /* Pods-IconFontsKitExample.debug.xcconfig */;
			buildSettings = {
				ASSETCATALOG_COMPILER_APPICON_NAME = AppIcon;
				INFOPLIST_FILE = IconFontsKitExample/Info.plist;
				IPHONEOS_DEPLOYMENT_TARGET = 8.0;
				LD_RUNPATH_SEARCH_PATHS = "$(inherited) @executable_path/Frameworks";
				PRODUCT_BUNDLE_IDENTIFIER = com.0x123.IconFontsKitExample;
				PRODUCT_NAME = "$(TARGET_NAME)";
			};
			name = Debug;
		};
		E7E724E01C73816B0049EE82 /* Release */ = {
			isa = XCBuildConfiguration;
			baseConfigurationReference = 02987B2B828E10543AC768C9 /* Pods-IconFontsKitExample.release.xcconfig */;
			buildSettings = {
				ASSETCATALOG_COMPILER_APPICON_NAME = AppIcon;
				INFOPLIST_FILE = IconFontsKitExample/Info.plist;
				IPHONEOS_DEPLOYMENT_TARGET = 8.0;
				LD_RUNPATH_SEARCH_PATHS = "$(inherited) @executable_path/Frameworks";
				PRODUCT_BUNDLE_IDENTIFIER = com.0x123.IconFontsKitExample;
				PRODUCT_NAME = "$(TARGET_NAME)";
			};
			name = Release;
		};
/* End XCBuildConfiguration section */

/* Begin XCConfigurationList section */
		E7E724C21C73816B0049EE82 /* Build configuration list for PBXProject "IconFontsKitExample" */ = {
			isa = XCConfigurationList;
			buildConfigurations = (
				E7E724DC1C73816B0049EE82 /* Debug */,
				E7E724DD1C73816B0049EE82 /* Release */,
			);
			defaultConfigurationIsVisible = 0;
			defaultConfigurationName = Release;
		};
		E7E724DE1C73816B0049EE82 /* Build configuration list for PBXNativeTarget "IconFontsKitExample" */ = {
			isa = XCConfigurationList;
			buildConfigurations = (
				E7E724DF1C73816B0049EE82 /* Debug */,
				E7E724E01C73816B0049EE82 /* Release */,
			);
			defaultConfigurationIsVisible = 0;
			defaultConfigurationName = Release;
		};
/* End XCConfigurationList section */
	};
	rootObject = E7E724BF1C73816B0049EE82 /* Project object */;
}
